
Microsoft Visual Studio Solution File, Format Version 12.00
# Visual Studio Version 16
VisualStudioVersion = 16.0.31729.503
MinimumVisualStudioVersion = 10.0.40219.1
Project("{FAE04EC0-301F-11D3-BF4B-00C04F79EFBC}") = "InterfaceAraOdev_6Aralik", "InterfaceAraOdev_6Aralik\InterfaceAraOdev_6Aralik.csproj", "{B633FF38-A868-42EB-9BCD-0387D71E1A67}"
EndProject
Global
	GlobalSection(SolutionConfigurationPlatforms) = preSolution
		Debug|Any CPU = Debug|Any CPU
		Release|Any CPU = Release|Any CPU
	EndGlobalSection
	GlobalSection(ProjectConfigurationPlatforms) = postSolution
		{B633FF38-A868-42EB-9BCD-0387D71E1A67}.Debug|Any CPU.ActiveCfg = Debug|Any CPU
		{B633FF38-A868-42EB-9BCD-0387D71E1A67}.Debug|Any CPU.Build.0 = Debug|Any CPU
		{B633FF38-A868-42EB-9BCD-0387D71E1A67}.Release|Any CPU.ActiveCfg = Release|Any CPU
		{B633FF38-A868-42EB-9BCD-0387D71E1A67}.Release|Any CPU.Build.0 = Release|Any CPU
	EndGlobalSection
	GlobalSection(SolutionProperties) = preSolution
		HideSolutionNode = FALSE
	EndGlobalSection
	GlobalSection(ExtensibilityGlobals) = postSolution
		SolutionGuid = {433A164A-3D6A-48A2-A809-3D2CC4757688}
	EndGlobalSection
EndGlobal
